# THIS IS AN AUTOGENERATED FILE. DO NOT EDIT THIS FILE DIRECTLY.
# yarn lockfile v1


kotlin-web-helpers@3.5.3:
  version "3.5.3"
  resolved "https://registry.yarnpkg.com/kotlin-web-helpers/-/kotlin-web-helpers-3.5.3.tgz#4c85e5e3ce011ea82f8fe2ff9c01c6fa50989b41"
  integrity sha512-ZJ/1Ti+9sPplfS9Rpe67lT4WPazgyaz5JKQpf7HEXzZs4ARnT9005TUZr3Zg81HIUi/HKrx4/CI9gkGGkNFoLg==
